
Microsoft Visual Studio Solution File, Format Version 12.00
# Visual Studio Version 17
VisualStudioVersion = 17.3.32922.545
MinimumVisualStudioVersion = 10.0.40219.1
Project("{FAE04EC0-301F-11D3-BF4B-00C04F79EFBC}") = "PSXDownloader", "PSXDownloader\PSXDownloader.csproj", "{E1640BA4-F787-4DE3-BF39-5F4DCA5F225E}"
EndProject
Project("{FAE04EC0-301F-11D3-BF4B-00C04F79EFBC}") = "PSXDLL", "PSXDLL\PSXDLL.csproj", "{38BC08E6-6E6D-4E95-9A63-046BA2D6B721}"
EndProject
Global
	GlobalSection(SolutionConfigurationPlatforms) = preSolution
		Debug|Any CPU = Debug|Any CPU
		Release|Any CPU = Release|Any CPU
	EndGlobalSection
	GlobalSection(ProjectConfigurationPlatforms) = postSolution
		{E1640BA4-F787-4DE3-BF39-5F4DCA5F225E}.Debug|Any CPU.ActiveCfg = Debug|Any CPU
		{E1640BA4-F787-4DE3-BF39-5F4DCA5F225E}.Debug|Any CPU.Build.0 = Debug|Any CPU
		{E1640BA4-F787-4DE3-BF39-5F4DCA5F225E}.Release|Any CPU.ActiveCfg = Release|Any CPU
		{E1640BA4-F787-4DE3-BF39-5F4DCA5F225E}.Release|Any CPU.Build.0 = Release|Any CPU
		{38BC08E6-6E6D-4E95-9A63-046BA2D6B721}.Debug|Any CPU.ActiveCfg = Debug|Any CPU
		{38BC08E6-6E6D-4E95-9A63-046BA2D6B721}.Debug|Any CPU.Build.0 = Debug|Any CPU
		{38BC08E6-6E6D-4E95-9A63-046BA2D6B721}.Release|Any CPU.ActiveCfg = Release|Any CPU
		{38BC08E6-6E6D-4E95-9A63-046BA2D6B721}.Release|Any CPU.Build.0 = Release|Any CPU
	EndGlobalSection
	GlobalSection(SolutionProperties) = preSolution
		HideSolutionNode = FALSE
	EndGlobalSection
	GlobalSection(ExtensibilityGlobals) = postSolution
		SolutionGuid = {A1D57241-BEF7-4608-BD40-44E437A7ECA9}
	EndGlobalSection
EndGlobal
